
Microsoft Visual Studio Solution File, Format Version 12.00
# Visual Studio Version 17
VisualStudioVersion = 17.4.33213.308
MinimumVisualStudioVersion = 10.0.40219.1
Project("{FAE04EC0-301F-11D3-BF4B-00C04F79EFBC}") = "Linq - archivo externo", "Linq - archivo externo\Linq - archivo externo.csproj", "{DB201CC0-DFD2-48D3-93B7-A87C7EB195B9}"
EndProject
Global
	GlobalSection(SolutionConfigurationPlatforms) = preSolution
		Debug|Any CPU = Debug|Any CPU
		Release|Any CPU = Release|Any CPU
	EndGlobalSection
	GlobalSection(ProjectConfigurationPlatforms) = postSolution
		{DB201CC0-DFD2-48D3-93B7-A87C7EB195B9}.Debug|Any CPU.ActiveCfg = Debug|Any CPU
		{DB201CC0-DFD2-48D3-93B7-A87C7EB195B9}.Debug|Any CPU.Build.0 = Debug|Any CPU
		{DB201CC0-DFD2-48D3-93B7-A87C7EB195B9}.Release|Any CPU.ActiveCfg = Release|Any CPU
		{DB201CC0-DFD2-48D3-93B7-A87C7EB195B9}.Release|Any CPU.Build.0 = Release|Any CPU
	EndGlobalSection
	GlobalSection(SolutionProperties) = preSolution
		HideSolutionNode = FALSE
	EndGlobalSection
	GlobalSection(ExtensibilityGlobals) = postSolution
		SolutionGuid = {E0405860-4C11-4C3F-A32E-A208F5018AF5}
	EndGlobalSection
EndGlobal
